{
  "name": "ohos",
  "lockfileVersion": 3,
  "requires": true,
  "packages": {
    "": {
      "dependencies": {
        "flutter-hvigor-plugin": "file:D:\\kaifa\\Flutter-OHOS\\flutter\\packages\\flutter_tools\\hvigor"
      }
    },
    "D:/kaifa/Flutter-OHOS/flutter/packages/flutter_tools/hvigor": {
      "name": "flutter-hvigor-plugin",
      "version": "1.0.0",
      "license": "ISC",
      "devDependencies": {
        "@ohos/hvigor": "5.2.2"
      }
    },
    "node_modules/flutter-hvigor-plugin": {
      "resolved": "D:/kaifa/Flutter-OHOS/flutter/packages/flutter_tools/hvigor",
      "link": true
    }
  }
}
